
Microsoft Visual Studio Solution File, Format Version 12.00
# Visual Studio Version 17
VisualStudioVersion = 17.11.35303.130
MinimumVisualStudioVersion = 10.0.40219.1
Project("{FAE04EC0-301F-11D3-BF4B-00C04F79EFBC}") = "MainFormUITest", "MainFormUITest\MainFormUITest.csproj", "{6AF9946A-75AE-424F-BEA6-A38D50206073}"
EndProject
Global
	GlobalSection(SolutionConfigurationPlatforms) = preSolution
		Debug|Any CPU = Debug|Any CPU
		Release|Any CPU = Release|Any CPU
	EndGlobalSection
	GlobalSection(ProjectConfigurationPlatforms) = postSolution
		{6AF9946A-75AE-424F-BEA6-A38D50206073}.Debug|Any CPU.ActiveCfg = Debug|Any CPU
		{6AF9946A-75AE-424F-BEA6-A38D50206073}.Debug|Any CPU.Build.0 = Debug|Any CPU
		{6AF9946A-75AE-424F-BEA6-A38D50206073}.Release|Any CPU.ActiveCfg = Release|Any CPU
		{6AF9946A-75AE-424F-BEA6-A38D50206073}.Release|Any CPU.Build.0 = Release|Any CPU
	EndGlobalSection
	GlobalSection(SolutionProperties) = preSolution
		HideSolutionNode = FALSE
	EndGlobalSection
	GlobalSection(ExtensibilityGlobals) = postSolution
		SolutionGuid = {C05D2D54-86EB-4DA8-8319-5190511F4918}
	EndGlobalSection
EndGlobal
